
Microsoft Visual Studio Solution File, Format Version 12.00
# Visual Studio Version 16
VisualStudioVersion = 16.0.30804.86
MinimumVisualStudioVersion = 10.0.40219.1
Project("{9A19103F-16F7-4668-BE54-9A1E7A4F7556}") = "ExampleClassifierApp", "ExampleClassifierApp.csproj", "{0E5C075F-5D78-42EB-A98D-9863890FDAC7}"
EndProject
Global
	GlobalSection(SolutionConfigurationPlatforms) = preSolution
		Debug|Any CPU = Debug|Any CPU
		Release|Any CPU = Release|Any CPU
	EndGlobalSection
	GlobalSection(ProjectConfigurationPlatforms) = postSolution
		{0E5C075F-5D78-42EB-A98D-9863890FDAC7}.Debug|Any CPU.ActiveCfg = Debug|Any CPU
		{0E5C075F-5D78-42EB-A98D-9863890FDAC7}.Debug|Any CPU.Build.0 = Debug|Any CPU
		{0E5C075F-5D78-42EB-A98D-9863890FDAC7}.Release|Any CPU.ActiveCfg = Release|Any CPU
		{0E5C075F-5D78-42EB-A98D-9863890FDAC7}.Release|Any CPU.Build.0 = Release|Any CPU
	EndGlobalSection
	GlobalSection(SolutionProperties) = preSolution
		HideSolutionNode = FALSE
	EndGlobalSection
	GlobalSection(ExtensibilityGlobals) = postSolution
		SolutionGuid = {B02905B3-D244-46FD-9E8E-FB81242D4F71}
	EndGlobalSection
EndGlobal
